// !$*UTF8*$!
{
	archiveVersion = 1;
	classes = {
	};
	objectVersion = 46;
	objects = {

/* Begin PBXBuildFile section */
		4228B156188BB25500692EF3 /* MapKit.framework in Frameworks */ = {isa = PBXBuildFile; fileRef = 4228B155188BB25500692EF3 /* MapKit.framework */; };
		4228B15B188BBEA400692EF3 /* proShowTwoIcon.png in Resources */ = {isa = PBXBuildFile; fileRef = 4228B158188BBEA400692EF3 /* proShowTwoIcon.png */; };
		4228B15C188BBEA400692EF3 /* proShowTwoIcon.png in Resources */ = {isa = PBXBuildFile; fileRef = 4228B158188BBEA400692EF3 /* proShowTwoIcon.png */; };
		4228B15D188BBEA400692EF3 /* proShowThreeIcon.png in Resources */ = {isa = PBXBuildFile; fileRef = 4228B159188BBEA400692EF3 /* proShowThreeIcon.png */; };
		4228B15E188BBEA400692EF3 /* proShowThreeIcon.png in Resources */ = {isa = PBXBuildFile; fileRef = 4228B159188BBEA400692EF3 /* proShowThreeIcon.png */; };
		4228B15F188BBEA400692EF3 /* proShowOneIcon.png in Resources */ = {isa = PBXBuildFile; fileRef = 4228B15A188BBEA400692EF3 /* proShowOneIcon.png */; };
		4228B160188BBEA400692EF3 /* proShowOneIcon.png in Resources */ = {isa = PBXBuildFile; fileRef = 4228B15A188BBEA400692EF3 /* proShowOneIcon.png */; };
		4228B166188BD77C00692EF3 /* ProShowDayFourViewController.m in Sources */ = {isa = PBXBuildFile; fileRef = 4228B165188BD77C00692EF3 /* ProShowDayFourViewController.m */; };
		4228B167188BD77C00692EF3 /* ProShowDayFourViewController.m in Sources */ = {isa = PBXBuildFile; fileRef = 4228B165188BD77C00692EF3 /* ProShowDayFourViewController.m */; };
		4228B16C188BF5E400692EF3 /* straightRiviera.png in Resources */ = {isa = PBXBuildFile; fileRef = 4228B16B188BF5E400692EF3 /* straightRiviera.png */; };
		4228B16D188BF5E400692EF3 /* straightRiviera.png in Resources */ = {isa = PBXBuildFile; fileRef = 4228B16B188BF5E400692EF3 /* straightRiviera.png */; };
		4228B16F188BF68100692EF3 /* crowd.png in Resources */ = {isa = PBXBuildFile; fileRef = 4228B16E188BF68100692EF3 /* crowd.png */; };
		4228B170188BF68100692EF3 /* crowd.png in Resources */ = {isa = PBXBuildFile; fileRef = 4228B16E188BF68100692EF3 /* crowd.png */; };
		4228B173188BF6D800692EF3 /* HomeScreenViewController.m in Sources */ = {isa = PBXBuildFile; fileRef = 4228B172188BF6D800692EF3 /* HomeScreenViewController.m */; };
		4228B174188BF6D800692EF3 /* HomeScreenViewController.m in Sources */ = {isa = PBXBuildFile; fileRef = 4228B172188BF6D800692EF3 /* HomeScreenViewController.m */; };
		4228B176188C06D700692EF3 /* crowdBackground.png in Resources */ = {isa = PBXBuildFile; fileRef = 4228B175188C06D700692EF3 /* crowdBackground.png */; };
		4228B177188C06D700692EF3 /* crowdBackground.png in Resources */ = {isa = PBXBuildFile; fileRef = 4228B175188C06D700692EF3 /* crowdBackground.png */; };
		4228B179188C0AC000692EF3 /* homePageScroll.png in Resources */ = {isa = PBXBuildFile; fileRef = 4228B178188C0AC000692EF3 /* homePageScroll.png */; };
		4228B17A188C0AC000692EF3 /* homePageScroll.png in Resources */ = {isa = PBXBuildFile; fileRef = 4228B178188C0AC000692EF3 /* homePageScroll.png */; };
		42440DC5188942BC00360F8F /* about us.png in Resources */ = {isa = PBXBuildFile; fileRef = 42440DC4188942BC00360F8F /* about us.png */; };
		42440DC6188942BC00360F8F /* about us.png in Resources */ = {isa = PBXBuildFile; fileRef = 42440DC4188942BC00360F8F /* about us.png */; };
		42440DC8188944AD00360F8F /* isoLogo.png in Resources */ = {isa = PBXBuildFile; fileRef = 42440DC7188944AD00360F8F /* isoLogo.png */; };
		42440DC9188944AD00360F8F /* isoLogo.png in Resources */ = {isa = PBXBuildFile; fileRef = 42440DC7188944AD00360F8F /* isoLogo.png */; };
		42440DCC1889450A00360F8F /* AboutUsViewController.m in Sources */ = {isa = PBXBuildFile; fileRef = 42440DCB1889450A00360F8F /* AboutUsViewController.m */; };
		42440DCD1889450A00360F8F /* AboutUsViewController.m in Sources */ = {isa = PBXBuildFile; fileRef = 42440DCB1889450A00360F8F /* AboutUsViewController.m */; };
		424C448E1888153600935345 /* Riviera.xcdatamodeld in Sources */ = {isa = PBXBuildFile; fileRef = 424C448C1888153600935345 /* Riviera.xcdatamodeld */; };
		424C448F1888153600935345 /* Riviera.xcdatamodeld in Sources */ = {isa = PBXBuildFile; fileRef = 424C448C1888153600935345 /* Riviera.xcdatamodeld */; };
		424C449718881A6700935345 /* Event+Operations.m in Sources */ = {isa = PBXBuildFile; fileRef = 424C449618881A6700935345 /* Event+Operations.m */; };
		424C449818881A6700935345 /* Event+Operations.m in Sources */ = {isa = PBXBuildFile; fileRef = 424C449618881A6700935345 /* Event+Operations.m */; };
		424C449B188820E200935345 /* CoreDataTableViewController.m in Sources */ = {isa = PBXBuildFile; fileRef = 424C449A188820E200935345 /* CoreDataTableViewController.m */; };
		424C449C188820E200935345 /* CoreDataTableViewController.m in Sources */ = {isa = PBXBuildFile; fileRef = 424C449A188820E200935345 /* CoreDataTableViewController.m */; };
		424C44A0188824B500935345 /* EventsViewController.m in Sources */ = {isa = PBXBuildFile; fileRef = 424C449F188824B500935345 /* EventsViewController.m */; };
		424C44A1188824B500935345 /* EventsViewController.m in Sources */ = {isa = PBXBuildFile; fileRef = 424C449F188824B500935345 /* EventsViewController.m */; };
		424C44B318882C2C00935345 /* blog@2x.png in Resources */ = {isa = PBXBuildFile; fileRef = 424C44B018882C2C00935345 /* blog@2x.png */; };
		424C44B418882C2C00935345 /* blog@2x.png in Resources */ = {isa = PBXBuildFile; fileRef = 424C44B018882C2C00935345 /* blog@2x.png */; };
		424C44B518882C2C00935345 /* events@2x.png in Resources */ = {isa = PBXBuildFile; fileRef = 424C44B118882C2C00935345 /* events@2x.png */; };
		424C44B618882C2C00935345 /* events@2x.png in Resources */ = {isa = PBXBuildFile; fileRef = 424C44B118882C2C00935345 /* events@2x.png */; };
		424C44B718882C2C00935345 /* proshows@2x.png in Resources */ = {isa = PBXBuildFile; fileRef = 424C44B218882C2C00935345 /* proshows@2x.png */; };
		424C44B818882C2C00935345 /* proshows@2x.png in Resources */ = {isa = PBXBuildFile; fileRef = 424C44B218882C2C00935345 /* proshows@2x.png */; };
		424C44BB18882CB400935345 /* GlobalClass.m in Sources */ = {isa = PBXBuildFile; fileRef = 424C44BA18882CB400935345 /* GlobalClass.m */; };
		424C44BC18882CB400935345 /* GlobalClass.m in Sources */ = {isa = PBXBuildFile; fileRef = 424C44BA18882CB400935345 /* GlobalClass.m */; };
		424C44BF1888335A00935345 /* EventsCDTVC.m in Sources */ = {isa = PBXBuildFile; fileRef = 424C44BE1888335A00935345 /* EventsCDTVC.m */; };
		424C44C01888335A00935345 /* EventsCDTVC.m in Sources */ = {isa = PBXBuildFile; fileRef = 424C44BE1888335A00935345 /* EventsCDTVC.m */; };
		42673F1E188A754A00975306 /* PrivacyViewController.m in Sources */ = {isa = PBXBuildFile; fileRef = 42673F1D188A754A00975306 /* PrivacyViewController.m */; };
		42673F1F188A754A00975306 /* PrivacyViewController.m in Sources */ = {isa = PBXBuildFile; fileRef = 42673F1D188A754A00975306 /* PrivacyViewController.m */; };
		42673F22188AB5DF00975306 /* ProShowDayOneViewController.m in Sources */ = {isa = PBXBuildFile; fileRef = 42673F21188AB5DF00975306 /* ProShowDayOneViewController.m */; };
		42673F23188AB5DF00975306 /* ProShowDayOneViewController.m in Sources */ = {isa = PBXBuildFile; fileRef = 42673F21188AB5DF00975306 /* ProShowDayOneViewController.m */; };
		42673F36188AC6FE00975306 /* TransitionImageView.m in Sources */ = {isa = PBXBuildFile; fileRef = 42673F35188AC6FE00975306 /* TransitionImageView.m */; };
		42673F37188AC6FE00975306 /* TransitionImageView.m in Sources */ = {isa = PBXBuildFile; fileRef = 42673F35188AC6FE00975306 /* TransitionImageView.m */; };
		42673F41188ADF9000975306 /* salim.png in Resources */ = {isa = PBXBuildFile; fileRef = 42673F39188ADF9000975306 /* salim.png */; };
		42673F42188ADF9000975306 /* salim.png in Resources */ = {isa = PBXBuildFile; fileRef = 42673F39188ADF9000975306 /* salim.png */; };
		42673F43188ADF9000975306 /* shaktishree.png in Resources */ = {isa = PBXBuildFile; fileRef = 42673F3A188ADF9000975306 /* shaktishree.png */; };
		42673F44188ADF9000975306 /* shaktishree.png in Resources */ = {isa = PBXBuildFile; fileRef = 42673F3A188ADF9000975306 /* shaktishree.png */; };
		42673F45188ADF9000975306 /* sivamani.png in Resources */ = {isa = PBXBuildFile; fileRef = 42673F3B188ADF9000975306 /* sivamani.png */; };
		42673F46188ADF9000975306 /* sivamani.png in Resources */ = {isa = PBXBuildFile; fileRef = 42673F3B188ADF9000975306 /* sivamani.png */; };
		42673F47188ADF9000975306 /* pentagram.png in Resources */ = {isa = PBXBuildFile; fileRef = 42673F3C188ADF9000975306 /* pentagram.png */; };
		42673F48188ADF9000975306 /* pentagram.png in Resources */ = {isa = PBXBuildFile; fileRef = 42673F3C188ADF9000975306 /* pentagram.png */; };
		42673F49188ADF9000975306 /* haricharan.png in Resources */ = {isa = PBXBuildFile; fileRef = 42673F3D188ADF9000975306 /* haricharan.png */; };
		42673F4A188ADF9000975306 /* haricharan.png in Resources */ = {isa = PBXBuildFile; fileRef = 42673F3D188ADF9000975306 /* haricharan.png */; };
		42673F4B188ADF9000975306 /* swetha.png in Resources */ = {isa = PBXBuildFile; fileRef = 42673F3E188ADF9000975306 /* swetha.png */; };
		42673F4C188ADF9000975306 /* swetha.png in Resources */ = {isa = PBXBuildFile; fileRef = 42673F3E188ADF9000975306 /* swetha.png */; };
		42673F4D188ADF9000975306 /* devassy.png in Resources */ = {isa = PBXBuildFile; fileRef = 42673F3F188ADF9000975306 /* devassy.png */; };
		42673F4E188ADF9000975306 /* devassy.png in Resources */ = {isa = PBXBuildFile; fileRef = 42673F3F188ADF9000975306 /* devassy.png */; };
		42673F4F188ADF9000975306 /* vijay.png in Resources */ = {isa = PBXBuildFile; fileRef = 42673F40188ADF9000975306 /* vijay.png */; };
		42673F50188ADF9000975306 /* vijay.png in Resources */ = {isa = PBXBuildFile; fileRef = 42673F40188ADF9000975306 /* vijay.png */; };
		42673F53188AE2B700975306 /* leftButton.png in Resources */ = {isa = PBXBuildFile; fileRef = 42673F51188AE2B700975306 /* leftButton.png */; };
		42673F54188AE2B700975306 /* leftButton.png in Resources */ = {isa = PBXBuildFile; fileRef = 42673F51188AE2B700975306 /* leftButton.png */; };
		42673F55188AE2B700975306 /* rightButton.png in Resources */ = {isa = PBXBuildFile; fileRef = 42673F52188AE2B700975306 /* rightButton.png */; };
		42673F56188AE2B700975306 /* rightButton.png in Resources */ = {isa = PBXBuildFile; fileRef = 42673F52188AE2B700975306 /* rightButton.png */; };
		42673F59188B01B800975306 /* ProShowDayTwoViewController.m in Sources */ = {isa = PBXBuildFile; fileRef = 42673F58188B01B800975306 /* ProShowDayTwoViewController.m */; };
		42673F5A188B01B800975306 /* ProShowDayTwoViewController.m in Sources */ = {isa = PBXBuildFile; fileRef = 42673F58188B01B800975306 /* ProShowDayTwoViewController.m */; };
		42673F5D188B06EB00975306 /* ProShowDayThreeViewController.m in Sources */ = {isa = PBXBuildFile; fileRef = 42673F5C188B06EB00975306 /* ProShowDayThreeViewController.m */; };
		42673F5E188B06EB00975306 /* ProShowDayThreeViewController.m in Sources */ = {isa = PBXBuildFile; fileRef = 42673F5C188B06EB00975306 /* ProShowDayThreeViewController.m */; };
		42A2339F1889053D00D81961 /* UIImage+ImageEffects.m in Sources */ = {isa = PBXBuildFile; fileRef = 42A2339D1889053D00D81961 /* UIImage+ImageEffects.m */; };
		42A233A01889053D00D81961 /* UIImage+ImageEffects.m in Sources */ = {isa = PBXBuildFile; fileRef = 42A2339D1889053D00D81961 /* UIImage+ImageEffects.m */; };
		42A68E991889241100BD1A15 /* Menu@2x.png in Resources */ = {isa = PBXBuildFile; fileRef = 42A68E981889241100BD1A15 /* Menu@2x.png */; };
		42A68E9A1889241100BD1A15 /* Menu@2x.png in Resources */ = {isa = PBXBuildFile; fileRef = 42A68E981889241100BD1A15 /* Menu@2x.png */; };
		42A84C3B1896ADE400B0F20B /* sreeram.png in Resources */ = {isa = PBXBuildFile; fileRef = 42A84C3A1896ADE400B0F20B /* sreeram.png */; };
		42A84C3C1896ADE400B0F20B /* sreeram.png in Resources */ = {isa = PBXBuildFile; fileRef = 42A84C3A1896ADE400B0F20B /* sreeram.png */; };
		42AAA6051893C53500453143 /* SportsEventsViewController.m in Sources */ = {isa = PBXBuildFile; fileRef = 42AAA6041893C53500453143 /* SportsEventsViewController.m */; };
		42AAA6061893C53500453143 /* SportsEventsViewController.m in Sources */ = {isa = PBXBuildFile; fileRef = 42AAA6041893C53500453143 /* SportsEventsViewController.m */; };
		42AAA6091893C56E00453143 /* RulesAndRegulationsViewController.m in Sources */ = {isa = PBXBuildFile; fileRef = 42AAA6081893C56E00453143 /* RulesAndRegulationsViewController.m */; };
		42AAA60A1893C56E00453143 /* RulesAndRegulationsViewController.m in Sources */ = {isa = PBXBuildFile; fileRef = 42AAA6081893C56E00453143 /* RulesAndRegulationsViewController.m */; };
		42AAA60E1893C61900453143 /* SportsListViewController.m in Sources */ = {isa = PBXBuildFile; fileRef = 42AAA60D1893C61900453143 /* SportsListViewController.m */; };
		42AAA60F1893C61900453143 /* SportsListViewController.m in Sources */ = {isa = PBXBuildFile; fileRef = 42AAA60D1893C61900453143 /* SportsListViewController.m */; };
		42B106B91894E6E40080334F /* detailsView.m in Sources */ = {isa = PBXBuildFile; fileRef = 42B106B81894E6E40080334F /* detailsView.m */; };
		42B106BA1894E6E40080334F /* detailsView.m in Sources */ = {isa = PBXBuildFile; fileRef = 42B106B81894E6E40080334F /* detailsView.m */; };
		42B106C0189578A80080334F /* pearl.png in Resources */ = {isa = PBXBuildFile; fileRef = 42B106BF189578A80080334F /* pearl.png */; };
		42B106C1189578A80080334F /* pearl.png in Resources */ = {isa = PBXBuildFile; fileRef = 42B106BF189578A80080334F /* pearl.png */; };
		42B106C318957BAB0080334F /* proShowFourIcon.png in Resources */ = {isa = PBXBuildFile; fileRef = 42B106C218957BAB0080334F /* proShowFourIcon.png */; };
		42B106C418957BAB0080334F /* proShowFourIcon.png in Resources */ = {isa = PBXBuildFile; fileRef = 42B106C218957BAB0080334F /* proShowFourIcon.png */; };
		42B29E8D188FDE310017C44E /* Event.m in Sources */ = {isa = PBXBuildFile; fileRef = 42B29E8C188FDE310017C44E /* Event.m */; };
		42B29E8E188FDE310017C44E /* Event.m in Sources */ = {isa = PBXBuildFile; fileRef = 42B29E8C188FDE310017C44E /* Event.m */; };
		42B29E91188FF2F50017C44E /* EventDetailsViewController.m in Sources */ = {isa = PBXBuildFile; fileRef = 42B29E90188FF2F50017C44E /* EventDetailsViewController.m */; };
		42B29E92188FF2F50017C44E /* EventDetailsViewController.m in Sources */ = {isa = PBXBuildFile; fileRef = 42B29E90188FF2F50017C44E /* EventDetailsViewController.m */; };
		42C0D4521889645300814578 /* SWRevealViewController.m in Sources */ = {isa = PBXBuildFile; fileRef = 42C0D4511889645300814578 /* SWRevealViewController.m */; };
		42C0D4531889645300814578 /* SWRevealViewController.m in Sources */ = {isa = PBXBuildFile; fileRef = 42C0D4511889645300814578 /* SWRevealViewController.m */; };
		42C0D45A188965F300814578 /* SideBarViewController.m in Sources */ = {isa = PBXBuildFile; fileRef = 42C0D459188965F300814578 /* SideBarViewController.m */; };
		42C0D45B188965F300814578 /* SideBarViewController.m in Sources */ = {isa = PBXBuildFile; fileRef = 42C0D459188965F300814578 /* SideBarViewController.m */; };
		42C0D45E1889A08600814578 /* ContactViewController.m in Sources */ = {isa = PBXBuildFile; fileRef = 42C0D45D1889A08600814578 /* ContactViewController.m */; };
		42C0D45F1889A08600814578 /* ContactViewController.m in Sources */ = {isa = PBXBuildFile; fileRef = 42C0D45D1889A08600814578 /* ContactViewController.m */; };
		42C914A11886F90E0010A43F /* Riviera Logo.png in Resources */ = {isa = PBXBuildFile; fileRef = 42C914A01886F90E0010A43F /* Riviera Logo.png */; };
		42C914A21886F90E0010A43F /* Riviera Logo.png in Resources */ = {isa = PBXBuildFile; fileRef = 42C914A01886F90E0010A43F /* Riviera Logo.png */; };
		42C914A71886FD600010A43F /* Header Final.png in Resources */ = {isa = PBXBuildFile; fileRef = 42C914A61886FD600010A43F /* Header Final.png */; };
		42C914A81886FD600010A43F /* Header Final.png in Resources */ = {isa = PBXBuildFile; fileRef = 42C914A61886FD600010A43F /* Header Final.png */; };
		42C9F891188C2AC300246A24 /* 80.png in Resources */ = {isa = PBXBuildFile; fileRef = 42C9F88B188C2AC300246A24 /* 80.png */; };
		42C9F892188C2AC300246A24 /* 80.png in Resources */ = {isa = PBXBuildFile; fileRef = 42C9F88B188C2AC300246A24 /* 80.png */; };
		42C9F893188C2AC300246A24 /* full.png in Resources */ = {isa = PBXBuildFile; fileRef = 42C9F88C188C2AC300246A24 /* full.png */; };
		42C9F894188C2AC300246A24 /* full.png in Resources */ = {isa = PBXBuildFile; fileRef = 42C9F88C188C2AC300246A24 /* full.png */; };
		42C9F896188C2AE300246A24 /* 120.png in Resources */ = {isa = PBXBuildFile; fileRef = 42C9F895188C2AE300246A24 /* 120.png */; };
		42C9F897188C2AE300246A24 /* 120.png in Resources */ = {isa = PBXBuildFile; fileRef = 42C9F895188C2AE300246A24 /* 120.png */; };
		42C9F899188C2B2F00246A24 /* 58.png in Resources */ = {isa = PBXBuildFile; fileRef = 42C9F898188C2B2F00246A24 /* 58.png */; };
		42C9F89A188C2B2F00246A24 /* 58.png in Resources */ = {isa = PBXBuildFile; fileRef = 42C9F898188C2B2F00246A24 /* 58.png */; };
		42C9F89C188C34B100246A24 /* launch 4in.png in Resources */ = {isa = PBXBuildFile; fileRef = 42C9F89B188C34B100246A24 /* launch 4in.png */; };
		42C9F89D188C34B100246A24 /* launch 4in.png in Resources */ = {isa = PBXBuildFile; fileRef = 42C9F89B188C34B100246A24 /* launch 4in.png */; };
		42C9F89F188C358400246A24 /* launch 35.png in Resources */ = {isa = PBXBuildFile; fileRef = 42C9F89E188C358400246A24 /* launch 35.png */; };
		42C9F8A0188C358400246A24 /* launch 35.png in Resources */ = {isa = PBXBuildFile; fileRef = 42C9F89E188C358400246A24 /* launch 35.png */; };
		42E5C2171886F179002E4EF7 /* Foundation.framework in Frameworks */ = {isa = PBXBuildFile; fileRef = 42E5C2161886F179002E4EF7 /* Foundation.framework */; };
		42E5C2191886F179002E4EF7 /* CoreGraphics.framework in Frameworks */ = {isa = PBXBuildFile; fileRef = 42E5C2181886F179002E4EF7 /* CoreGraphics.framework */; };
		42E5C21B1886F179002E4EF7 /* UIKit.framework in Frameworks */ = {isa = PBXBuildFile; fileRef = 42E5C21A1886F179002E4EF7 /* UIKit.framework */; };
		42E5C2211886F179002E4EF7 /* InfoPlist.strings in Resources */ = {isa = PBXBuildFile; fileRef = 42E5C21F1886F179002E4EF7 /* InfoPlist.strings */; };
		42E5C2231886F179002E4EF7 /* main.m in Sources */ = {isa = PBXBuildFile; fileRef = 42E5C2221886F179002E4EF7 /* main.m */; };
		42E5C2271886F179002E4EF7 /* RivieraAppDelegate.m in Sources */ = {isa = PBXBuildFile; fileRef = 42E5C2261886F179002E4EF7 /* RivieraAppDelegate.m */; };
		42E5C22A1886F179002E4EF7 /* Main.storyboard in Resources */ = {isa = PBXBuildFile; fileRef = 42E5C2281886F179002E4EF7 /* Main.storyboard */; };
		42E5C22F1886F179002E4EF7 /* Images.xcassets in Resources */ = {isa = PBXBuildFile; fileRef = 42E5C22E1886F179002E4EF7 /* Images.xcassets */; };
		42E5C2361886F179002E4EF7 /* XCTest.framework in Frameworks */ = {isa = PBXBuildFile; fileRef = 42E5C2351886F179002E4EF7 /* XCTest.framework */; };
		42E5C2371886F179002E4EF7 /* Foundation.framework in Frameworks */ = {isa = PBXBuildFile; fileRef = 42E5C2161886F179002E4EF7 /* Foundation.framework */; };
		42E5C2381886F179002E4EF7 /* UIKit.framework in Frameworks */ = {isa = PBXBuildFile; fileRef = 42E5C21A1886F179002E4EF7 /* UIKit.framework */; };
		42E5C2401886F179002E4EF7 /* InfoPlist.strings in Resources */ = {isa = PBXBuildFile; fileRef = 42E5C23E1886F179002E4EF7 /* InfoPlist.strings */; };
		42E5C2421886F179002E4EF7 /* RivieraTests.m in Sources */ = {isa = PBXBuildFile; fileRef = 42E5C2411886F179002E4EF7 /* RivieraTests.m */; };
/* End PBXBuildFile section */

/* Begin PBXContainerItemProxy section */
		42E5C2391886F179002E4EF7 /* PBXContainerItemProxy */ = {
			isa = PBXContainerItemProxy;
			containerPortal = 42E5C20B1886F179002E4EF7 /* Project object */;
			proxyType = 1;
			remoteGlobalIDString = 42E5C2121886F179002E4EF7;
			remoteInfo = Riviera;
		};
/* End PBXContainerItemProxy section */

/* Begin PBXFileReference section */
		4228B155188BB25500692EF3 /* MapKit.framework */ = {isa = PBXFileReference; lastKnownFileType = wrapper.framework; name = MapKit.framework; path = System/Library/Frameworks/MapKit.framework; sourceTree = SDKROOT; };
		4228B158188BBEA400692EF3 /* proShowTwoIcon.png */ = {isa = PBXFileReference; lastKnownFileType = image.png; path = proShowTwoIcon.png; sourceTree = "<group>"; };
		4228B159188BBEA400692EF3 /* proShowThreeIcon.png */ = {isa = PBXFileReference; lastKnownFileType = image.png; path = proShowThreeIcon.png; sourceTree = "<group>"; };
		4228B15A188BBEA400692EF3 /* proShowOneIcon.png */ = {isa = PBXFileReference; lastKnownFileType = image.png; path = proShowOneIcon.png; sourceTree = "<group>"; };
		4228B164188BD77C00692EF3 /* ProShowDayFourViewController.h */ = {isa = PBXFileReference; fileEncoding = 4; lastKnownFileType = sourcecode.c.h; path = ProShowDayFourViewController.h; sourceTree = "<group>"; };
		4228B165188BD77C00692EF3 /* ProShowDayFourViewController.m */ = {isa = PBXFileReference; fileEncoding = 4; lastKnownFileType = sourcecode.c.objc; path = ProShowDayFourViewController.m; sourceTree = "<group>"; };
		4228B16B188BF5E400692EF3 /* straightRiviera.png */ = {isa = PBXFileReference; lastKnownFileType = image.png; path = straightRiviera.png; sourceTree = "<group>"; };
		4228B16E188BF68100692EF3 /* crowd.png */ = {isa = PBXFileReference; lastKnownFileType = image.png; path = crowd.png; sourceTree = "<group>"; };
		4228B171188BF6D800692EF3 /* HomeScreenViewController.h */ = {isa = PBXFileReference; fileEncoding = 4; lastKnownFileType = sourcecode.c.h; path = HomeScreenViewController.h; sourceTree = "<group>"; };
		4228B172188BF6D800692EF3 /* HomeScreenViewController.m */ = {isa = PBXFileReference; fileEncoding = 4; lastKnownFileType = sourcecode.c.objc; path = HomeScreenViewController.m; sourceTree = "<group>"; };
		4228B175188C06D700692EF3 /* crowdBackground.png */ = {isa = PBXFileReference; lastKnownFileType = image.png; path = crowdBackground.png; sourceTree = "<group>"; };
		4228B178188C0AC000692EF3 /* homePageScroll.png */ = {isa = PBXFileReference; lastKnownFileType = image.png; path = homePageScroll.png; sourceTree = "<group>"; };
		42440DC4188942BC00360F8F /* about us.png */ = {isa = PBXFileReference; lastKnownFileType = image.png; path = "about us.png"; sourceTree = "<group>"; };
		42440DC7188944AD00360F8F /* isoLogo.png */ = {isa = PBXFileReference; lastKnownFileType = image.png; path = isoLogo.png; sourceTree = "<group>"; };
		42440DCA1889450A00360F8F /* AboutUsViewController.h */ = {isa = PBXFileReference; fileEncoding = 4; lastKnownFileType = sourcecode.c.h; path = AboutUsViewController.h; sourceTree = "<group>"; };
		42440DCB1889450A00360F8F /* AboutUsViewController.m */ = {isa = PBXFileReference; fileEncoding = 4; lastKnownFileType = sourcecode.c.objc; path = AboutUsViewController.m; sourceTree = "<group>"; };
		424C448D1888153600935345 /* Riviera.xcdatamodel */ = {isa = PBXFileReference; lastKnownFileType = wrapper.xcdatamodel; path = Riviera.xcdatamodel; sourceTree = "<group>"; };
		424C449518881A6700935345 /* Event+Operations.h */ = {isa = PBXFileReference; fileEncoding = 4; lastKnownFileType = sourcecode.c.h; path = "Event+Operations.h"; sourceTree = "<group>"; };
		424C449618881A6700935345 /* Event+Operations.m */ = {isa = PBXFileReference; fileEncoding = 4; lastKnownFileType = sourcecode.c.objc; path = "Event+Operations.m"; sourceTree = "<group>"; };
		424C4499188820E200935345 /* CoreDataTableViewController.h */ = {isa = PBXFileReference; fileEncoding = 4; lastKnownFileType = sourcecode.c.h; path = CoreDataTableViewController.h; sourceTree = "<group>"; };
		424C449A188820E200935345 /* CoreDataTableViewController.m */ = {isa = PBXFileReference; fileEncoding = 4; lastKnownFileType = sourcecode.c.objc; path = CoreDataTableViewController.m; sourceTree = "<group>"; };
		424C449E188824B500935345 /* EventsViewController.h */ = {isa = PBXFileReference; fileEncoding = 4; lastKnownFileType = sourcecode.c.h; path = EventsViewController.h; sourceTree = "<group>"; };
		424C449F188824B500935345 /* EventsViewController.m */ = {isa = PBXFileReference; fileEncoding = 4; lastKnownFileType = sourcecode.c.objc; path = EventsViewController.m; sourceTree = "<group>"; };
		424C44B018882C2C00935345 /* blog@2x.png */ = {isa = PBXFileReference; lastKnownFileType = image.png; path = "blog@2x.png"; sourceTree = "<group>"; };
		424C44B118882C2C00935345 /* events@2x.png */ = {isa = PBXFileReference; lastKnownFileType = image.png; path = "events@2x.png"; sourceTree = "<group>"; };
		424C44B218882C2C00935345 /* proshows@2x.png */ = {isa = PBXFileReference; lastKnownFileType = image.png; path = "proshows@2x.png"; sourceTree = "<group>"; };
		424C44B918882CB400935345 /* GlobalClass.h */ = {isa = PBXFileReference; fileEncoding = 4; lastKnownFileType = sourcecode.c.h; path = GlobalClass.h; sourceTree = "<group>"; };
		424C44BA18882CB400935345 /* GlobalClass.m */ = {isa = PBXFileReference; fileEncoding = 4; lastKnownFileType = sourcecode.c.objc; path = GlobalClass.m; sourceTree = "<group>"; };
		424C44BD1888335A00935345 /* EventsCDTVC.h */ = {isa = PBXFileReference; fileEncoding = 4; lastKnownFileType = sourcecode.c.h; path = EventsCDTVC.h; sourceTree = "<group>"; };
		424C44BE1888335A00935345 /* EventsCDTVC.m */ = {isa = PBXFileReference; fileEncoding = 4; lastKnownFileType = sourcecode.c.objc; path = EventsCDTVC.m; sourceTree = "<group>"; };
		42673F1C188A754A00975306 /* PrivacyViewController.h */ = {isa = PBXFileReference; fileEncoding = 4; lastKnownFileType = sourcecode.c.h; path = PrivacyViewController.h; sourceTree = "<group>"; };
		42673F1D188A754A00975306 /* PrivacyViewController.m */ = {isa = PBXFileReference; fileEncoding = 4; lastKnownFileType = sourcecode.c.objc; path = PrivacyViewController.m; sourceTree = "<group>"; };
		42673F20188AB5DF00975306 /* ProShowDayOneViewController.h */ = {isa = PBXFileReference; fileEncoding = 4; lastKnownFileType = sourcecode.c.h; path = ProShowDayOneViewController.h; sourceTree = "<group>"; };
		42673F21188AB5DF00975306 /* ProShowDayOneViewController.m */ = {isa = PBXFileReference; fileEncoding = 4; lastKnownFileType = sourcecode.c.objc; path = ProShowDayOneViewController.m; sourceTree = "<group>"; };
		42673F34188AC6FE00975306 /* TransitionImageView.h */ = {isa = PBXFileReference; fileEncoding = 4; lastKnownFileType = sourcecode.c.h; path = TransitionImageView.h; sourceTree = "<group>"; };
		42673F35188AC6FE00975306 /* TransitionImageView.m */ = {isa = PBXFileReference; fileEncoding = 4; lastKnownFileType = sourcecode.c.objc; path = TransitionImageView.m; sourceTree = "<group>"; };
		42673F39188ADF9000975306 /* salim.png */ = {isa = PBXFileReference; lastKnownFileType = image.png; path = salim.png; sourceTree = "<group>"; };
		42673F3A188ADF9000975306 /* shaktishree.png */ = {isa = PBXFileReference; lastKnownFileType = image.png; path = shaktishree.png; sourceTree = "<group>"; };
		42673F3B188ADF9000975306 /* sivamani.png */ = {isa = PBXFileReference; lastKnownFileType = image.png; path = sivamani.png; sourceTree = "<group>"; };
		42673F3C188ADF9000975306 /* pentagram.png */ = {isa = PBXFileReference; lastKnownFileType = image.png; path = pentagram.png; sourceTree = "<group>"; };
		42673F3D188ADF9000975306 /* haricharan.png */ = {isa = PBXFileReference; lastKnownFileType = image.png; path = haricharan.png; sourceTree = "<group>"; };
		42673F3E188ADF9000975306 /* swetha.png */ = {isa = PBXFileReference; lastKnownFileType = image.png; path = swetha.png; sourceTree = "<group>"; };
		42673F3F188ADF9000975306 /* devassy.png */ = {isa = PBXFileReference; lastKnownFileType = image.png; path = devassy.png; sourceTree = "<group>"; };
		42673F40188ADF9000975306 /* vijay.png */ = {isa = PBXFileReference; lastKnownFileType = image.png; path = vijay.png; sourceTree = "<group>"; };
		42673F51188AE2B700975306 /* leftButton.png */ = {isa = PBXFileReference; lastKnownFileType = image.png; path = leftButton.png; sourceTree = "<group>"; };
		42673F52188AE2B700975306 /* rightButton.png */ = {isa = PBXFileReference; lastKnownFileType = image.png; path = rightButton.png; sourceTree = "<group>"; };
		42673F57188B01B800975306 /* ProShowDayTwoViewController.h */ = {isa = PBXFileReference; fileEncoding = 4; lastKnownFileType = sourcecode.c.h; path = ProShowDayTwoViewController.h; sourceTree = "<group>"; };
		42673F58188B01B800975306 /* ProShowDayTwoViewController.m */ = {isa = PBXFileReference; fileEncoding = 4; lastKnownFileType = sourcecode.c.objc; path = ProShowDayTwoViewController.m; sourceTree = "<group>"; };
		42673F5B188B06EB00975306 /* ProShowDayThreeViewController.h */ = {isa = PBXFileReference; fileEncoding = 4; lastKnownFileType = sourcecode.c.h; path = ProShowDayThreeViewController.h; sourceTree = "<group>"; };
		42673F5C188B06EB00975306 /* ProShowDayThreeViewController.m */ = {isa = PBXFileReference; fileEncoding = 4; lastKnownFileType = sourcecode.c.objc; path = ProShowDayThreeViewController.m; sourceTree = "<group>"; };
		42A233941888682F00D81961 /* QuartzCore.framework */ = {isa = PBXFileReference; lastKnownFileType = wrapper.framework; name = QuartzCore.framework; path = System/Library/Frameworks/QuartzCore.framework; sourceTree = SDKROOT; };
		42A2339D1889053D00D81961 /* UIImage+ImageEffects.m */ = {isa = PBXFileReference; fileEncoding = 4; lastKnownFileType = sourcecode.c.objc; path = "UIImage+ImageEffects.m"; sourceTree = "<group>"; };
		42A2339E1889053D00D81961 /* UIImage+ImageEffects.h */ = {isa = PBXFileReference; fileEncoding = 4; lastKnownFileType = sourcecode.c.h; path = "UIImage+ImageEffects.h"; sourceTree = "<group>"; };
		42A68E981889241100BD1A15 /* Menu@2x.png */ = {isa = PBXFileReference; lastKnownFileType = image.png; path = "Menu@2x.png"; sourceTree = "<group>"; };
		42A84C3A1896ADE400B0F20B /* sreeram.png */ = {isa = PBXFileReference; lastKnownFileType = image.png; path = sreeram.png; sourceTree = "<group>"; };
		42AAA6031893C53500453143 /* SportsEventsViewController.h */ = {isa = PBXFileReference; fileEncoding = 4; lastKnownFileType = sourcecode.c.h; path = SportsEventsViewController.h; sourceTree = "<group>"; };
		42AAA6041893C53500453143 /* SportsEventsViewController.m */ = {isa = PBXFileReference; fileEncoding = 4; lastKnownFileType = sourcecode.c.objc; path = SportsEventsViewController.m; sourceTree = "<group>"; };
		42AAA6071893C56E00453143 /* RulesAndRegulationsViewController.h */ = {isa = PBXFileReference; fileEncoding = 4; lastKnownFileType = sourcecode.c.h; path = RulesAndRegulationsViewController.h; sourceTree = "<group>"; };
		42AAA6081893C56E00453143 /* RulesAndRegulationsViewController.m */ = {isa = PBXFileReference; fileEncoding = 4; lastKnownFileType = sourcecode.c.objc; path = RulesAndRegulationsViewController.m; sourceTree = "<group>"; };
		42AAA60C1893C61900453143 /* SportsListViewController.h */ = {isa = PBXFileReference; fileEncoding = 4; lastKnownFileType = sourcecode.c.h; path = SportsListViewController.h; sourceTree = "<group>"; };
		42AAA60D1893C61900453143 /* SportsListViewController.m */ = {isa = PBXFileReference; fileEncoding = 4; lastKnownFileType = sourcecode.c.objc; path = SportsListViewController.m; sourceTree = "<group>"; };
		42B106B71894E6E40080334F /* detailsView.h */ = {isa = PBXFileReference; fileEncoding = 4; lastKnownFileType = sourcecode.c.h; path = detailsView.h; sourceTree = "<group>"; };
		42B106B81894E6E40080334F /* detailsView.m */ = {isa = PBXFileReference; fileEncoding = 4; lastKnownFileType = sourcecode.c.objc; path = detailsView.m; sourceTree = "<group>"; };
		42B106BF189578A80080334F /* pearl.png */ = {isa = PBXFileReference; lastKnownFileType = image.png; path = pearl.png; sourceTree = "<group>"; };
		42B106C218957BAB0080334F /* proShowFourIcon.png */ = {isa = PBXFileReference; lastKnownFileType = image.png; path = proShowFourIcon.png; sourceTree = "<group>"; };
		42B29E8B188FDE310017C44E /* Event.h */ = {isa = PBXFileReference; fileEncoding = 4; lastKnownFileType = sourcecode.c.h; path = Event.h; sourceTree = "<group>"; };
		42B29E8C188FDE310017C44E /* Event.m */ = {isa = PBXFileReference; fileEncoding = 4; lastKnownFileType = sourcecode.c.objc; path = Event.m; sourceTree = "<group>"; };
		42B29E8F188FF2F50017C44E /* EventDetailsViewController.h */ = {isa = PBXFileReference; fileEncoding = 4; lastKnownFileType = sourcecode.c.h; path = EventDetailsViewController.h; sourceTree = "<group>"; };
		42B29E90188FF2F50017C44E /* EventDetailsViewController.m */ = {isa = PBXFileReference; fileEncoding = 4; lastKnownFileType = sourcecode.c.objc; path = EventDetailsViewController.m; sourceTree = "<group>"; };
		42BC1CD1188B9EC6001C24ED /* AVFoundation.framework */ = {isa = PBXFileReference; lastKnownFileType = wrapper.framework; name = AVFoundation.framework; path = System/Library/Frameworks/AVFoundation.framework; sourceTree = SDKROOT; };
		42BC1CD3188B9ED0001C24ED /* CoreData.framework */ = {isa = PBXFileReference; lastKnownFileType = wrapper.framework; name = CoreData.framework; path = System/Library/Frameworks/CoreData.framework; sourceTree = SDKROOT; };
		42BC1CD5188B9EDE001C24ED /* CoreLocation.framework */ = {isa = PBXFileReference; lastKnownFileType = wrapper.framework; name = CoreLocation.framework; path = System/Library/Frameworks/CoreLocation.framework; sourceTree = SDKROOT; };
		42BC1CD7188B9EE6001C24ED /* CoreText.framework */ = {isa = PBXFileReference; lastKnownFileType = wrapper.framework; name = CoreText.framework; path = System/Library/Frameworks/CoreText.framework; sourceTree = SDKROOT; };
		42BC1CD9188B9EF1001C24ED /* GLKit.framework */ = {isa = PBXFileReference; lastKnownFileType = wrapper.framework; name = GLKit.framework; path = System/Library/Frameworks/GLKit.framework; sourceTree = SDKROOT; };
		42BC1CDB188B9EF9001C24ED /* ImageIO.framework */ = {isa = PBXFileReference; lastKnownFileType = wrapper.framework; name = ImageIO.framework; path = System/Library/Frameworks/ImageIO.framework; sourceTree = SDKROOT; };
		42BC1CDD188B9F0A001C24ED /* libc++.dylib */ = {isa = PBXFileReference; lastKnownFileType = "compiled.mach-o.dylib"; name = "libc++.dylib"; path = "usr/lib/libc++.dylib"; sourceTree = SDKROOT; };
		42BC1CDF188B9F17001C24ED /* libicucore.dylib */ = {isa = PBXFileReference; lastKnownFileType = "compiled.mach-o.dylib"; name = libicucore.dylib; path = usr/lib/libicucore.dylib; sourceTree = SDKROOT; };
		42BC1CE1188B9F20001C24ED /* libz.dylib */ = {isa = PBXFileReference; lastKnownFileType = "compiled.mach-o.dylib"; name = libz.dylib; path = usr/lib/libz.dylib; sourceTree = SDKROOT; };
		42BC1CE3188B9F2A001C24ED /* OpenGLES.framework */ = {isa = PBXFileReference; lastKnownFileType = wrapper.framework; name = OpenGLES.framework; path = System/Library/Frameworks/OpenGLES.framework; sourceTree = SDKROOT; };
		42BC1CE5188B9F40001C24ED /* SystemConfiguration.framework */ = {isa = PBXFileReference; lastKnownFileType = wrapper.framework; name = SystemConfiguration.framework; path = System/Library/Frameworks/SystemConfiguration.framework; sourceTree = SDKROOT; };
		42C0D4501889645300814578 /* SWRevealViewController.h */ = {isa = PBXFileReference; fileEncoding = 4; lastKnownFileType = sourcecode.c.h; path = SWRevealViewController.h; sourceTree = "<group>"; };
		42C0D4511889645300814578 /* SWRevealViewController.m */ = {isa = PBXFileReference; fileEncoding = 4; lastKnownFileType = sourcecode.c.objc; path = SWRevealViewController.m; sourceTree = "<group>"; };
		42C0D458188965F300814578 /* SideBarViewController.h */ = {isa = PBXFileReference; fileEncoding = 4; lastKnownFileType = sourcecode.c.h; path = SideBarViewController.h; sourceTree = "<group>"; };
		42C0D459188965F300814578 /* SideBarViewController.m */ = {isa = PBXFileReference; fileEncoding = 4; lastKnownFileType = sourcecode.c.objc; path = SideBarViewController.m; sourceTree = "<group>"; };
		42C0D45C1889A08600814578 /* ContactViewController.h */ = {isa = PBXFileReference; fileEncoding = 4; lastKnownFileType = sourcecode.c.h; path = ContactViewController.h; sourceTree = "<group>"; };
		42C0D45D1889A08600814578 /* ContactViewController.m */ = {isa = PBXFileReference; fileEncoding = 4; lastKnownFileType = sourcecode.c.objc; path = ContactViewController.m; sourceTree = "<group>"; };
		42C914A01886F90E0010A43F /* Riviera Logo.png */ = {isa = PBXFileReference; lastKnownFileType = image.png; path = "Riviera Logo.png"; sourceTree = "<group>"; };
		42C914A61886FD600010A43F /* Header Final.png */ = {isa = PBXFileReference; lastKnownFileType = image.png; path = "Header Final.png"; sourceTree = "<group>"; };
		42C9F88B188C2AC300246A24 /* 80.png */ = {isa = PBXFileReference; lastKnownFileType = image.png; path = 80.png; sourceTree = "<group>"; };
		42C9F88C188C2AC300246A24 /* full.png */ = {isa = PBXFileReference; lastKnownFileType = image.png; path = full.png; sourceTree = "<group>"; };
		42C9F895188C2AE300246A24 /* 120.png */ = {isa = PBXFileReference; lastKnownFileType = image.png; path = 120.png; sourceTree = "<group>"; };
		42C9F898188C2B2F00246A24 /* 58.png */ = {isa = PBXFileReference; lastKnownFileType = image.png; path = 58.png; sourceTree = "<group>"; };
		42C9F89B188C34B100246A24 /* launch 4in.png */ = {isa = PBXFileReference; lastKnownFileType = image.png; path = "launch 4in.png"; sourceTree = "<group>"; };
		42C9F89E188C358400246A24 /* launch 35.png */ = {isa = PBXFileReference; lastKnownFileType = image.png; path = "launch 35.png"; sourceTree = "<group>"; };
		42E5C2131886F179002E4EF7 /* Riviera.app */ = {isa = PBXFileReference; explicitFileType = wrapper.application; includeInIndex = 0; path = Riviera.app; sourceTree = BUILT_PRODUCTS_DIR; };
		42E5C2161886F179002E4EF7 /* Foundation.framework */ = {isa = PBXFileReference; lastKnownFileType = wrapper.framework; name = Foundation.framework; path = System/Library/Frameworks/Foundation.framework; sourceTree = SDKROOT; };
		42E5C2181886F179002E4EF7 /* CoreGraphics.framework */ = {isa = PBXFileReference; lastKnownFileType = wrapper.framework; name = CoreGraphics.framework; path = System/Library/Frameworks/CoreGraphics.framework; sourceTree = SDKROOT; };
		42E5C21A1886F179002E4EF7 /* UIKit.framework */ = {isa = PBXFileReference; lastKnownFileType = wrapper.framework; name = UIKit.framework; path = System/Library/Frameworks/UIKit.framework; sourceTree = SDKROOT; };
		42E5C21E1886F179002E4EF7 /* Riviera-Info.plist */ = {isa = PBXFileReference; lastKnownFileType = text.plist.xml; path = "Riviera-Info.plist"; sourceTree = "<group>"; };
		42E5C2201886F179002E4EF7 /* en */ = {isa = PBXFileReference; lastKnownFileType = text.plist.strings; name = en; path = en.lproj/InfoPlist.strings; sourceTree = "<group>"; };
		42E5C2221886F179002E4EF7 /* main.m */ = {isa = PBXFileReference; lastKnownFileType = sourcecode.c.objc; path = main.m; sourceTree = "<group>"; };
		42E5C2241886F179002E4EF7 /* Riviera-Prefix.pch */ = {isa = PBXFileReference; lastKnownFileType = sourcecode.c.h; path = "Riviera-Prefix.pch"; sourceTree = "<group>"; };
		42E5C2251886F179002E4EF7 /* RivieraAppDelegate.h */ = {isa = PBXFileReference; lastKnownFileType = sourcecode.c.h; path = RivieraAppDelegate.h; sourceTree = "<group>"; };
		42E5C2261886F179002E4EF7 /* RivieraAppDelegate.m */ = {isa = PBXFileReference; lastKnownFileType = sourcecode.c.objc; path = RivieraAppDelegate.m; sourceTree = "<group>"; };
		42E5C2291886F179002E4EF7 /* Base */ = {isa = PBXFileReference; lastKnownFileType = file.storyboard; name = Base; path = Base.lproj/Main.storyboard; sourceTree = "<group>"; };
		42E5C22E1886F179002E4EF7 /* Images.xcassets */ = {isa = PBXFileReference; lastKnownFileType = folder.assetcatalog; path = Images.xcassets; sourceTree = "<group>"; };
		42E5C2341886F179002E4EF7 /* RivieraTests.xctest */ = {isa = PBXFileReference; explicitFileType = wrapper.cfbundle; includeInIndex = 0; path = RivieraTests.xctest; sourceTree = BUILT_PRODUCTS_DIR; };
		42E5C2351886F179002E4EF7 /* XCTest.framework */ = {isa = PBXFileReference; lastKnownFileType = wrapper.framework; name = XCTest.framework; path = Library/Frameworks/XCTest.framework; sourceTree = DEVELOPER_DIR; };
		42E5C23D1886F179002E4EF7 /* RivieraTests-Info.plist */ = {isa = PBXFileReference; lastKnownFileType = text.plist.xml; path = "RivieraTests-Info.plist"; sourceTree = "<group>"; };
		42E5C23F1886F179002E4EF7 /* en */ = {isa = PBXFileReference; lastKnownFileType = text.plist.strings; name = en; path = en.lproj/InfoPlist.strings; sourceTree = "<group>"; };
		42E5C2411886F179002E4EF7 /* RivieraTests.m */ = {isa = PBXFileReference; lastKnownFileType = sourcecode.c.objc; path = RivieraTests.m; sourceTree = "<group>"; };
/* End PBXFileReference section */

/* Begin PBXFrameworksBuildPhase section */
		42E5C2101886F179002E4EF7 /* Frameworks */ = {
			isa = PBXFrameworksBuildPhase;
			buildActionMask = 2147483647;
			files = (
				4228B156188BB25500692EF3 /* MapKit.framework in Frameworks */,
				42E5C2191886F179002E4EF7 /* CoreGraphics.framework in Frameworks */,
				42E5C21B1886F179002E4EF7 /* UIKit.framework in Frameworks */,
				42E5C2171886F179002E4EF7 /* Foundation.framework in Frameworks */,
			);
			runOnlyForDeploymentPostprocessing = 0;
		};
		42E5C2311886F179002E4EF7 /* Frameworks */ = {
			isa = PBXFrameworksBuildPhase;
			buildActionMask = 2147483647;
			files = (
				42E5C2361886F179002E4EF7 /* XCTest.framework in Frameworks */,
				42E5C2381886F179002E4EF7 /* UIKit.framework in Frameworks */,
				42E5C2371886F179002E4EF7 /* Foundation.framework in Frameworks */,
			);
			runOnlyForDeploymentPostprocessing = 0;
		};
/* End PBXFrameworksBuildPhase section */

/* Begin PBXGroup section */
		4228B157188BBE9400692EF3 /* ProSow Icons */ = {
			isa = PBXGroup;
			children = (
				4228B158188BBEA400692EF3 /* proShowTwoIcon.png */,
				4228B159188BBEA400692EF3 /* proShowThreeIcon.png */,
				4228B15A188BBEA400692EF3 /* proShowOneIcon.png */,
				42B106C218957BAB0080334F /* proShowFourIcon.png */,
			);
			name = "ProSow Icons";
			sourceTree = "<group>";
		};
		424C449018881A2D00935345 /* Core Data Files */ = {
			isa = PBXGroup;
			children = (
				42B29E8B188FDE310017C44E /* Event.h */,
				42B29E8C188FDE310017C44E /* Event.m */,
				424C449518881A6700935345 /* Event+Operations.h */,
				424C449618881A6700935345 /* Event+Operations.m */,
			);
			name = "Core Data Files";
			sourceTree = "<group>";
		};
		424C449D188820EB00935345 /* Parent Classes */ = {
			isa = PBXGroup;
			children = (
				424C4499188820E200935345 /* CoreDataTableViewController.h */,
				424C449A188820E200935345 /* CoreDataTableViewController.m */,
			);
			name = "Parent Classes";
			sourceTree = "<group>";
		};
		42673F2C188ABAA600975306 /* ProShow */ = {
			isa = PBXGroup;
			children = (
				4228B164188BD77C00692EF3 /* ProShowDayFourViewController.h */,
				4228B165188BD77C00692EF3 /* ProShowDayFourViewController.m */,
				42673F5B188B06EB00975306 /* ProShowDayThreeViewController.h */,
				42673F5C188B06EB00975306 /* ProShowDayThreeViewController.m */,
				42673F57188B01B800975306 /* ProShowDayTwoViewController.h */,
				42673F58188B01B800975306 /* ProShowDayTwoViewController.m */,
				42673F34188AC6FE00975306 /* TransitionImageView.h */,
				42673F35188AC6FE00975306 /* TransitionImageView.m */,
				42673F20188AB5DF00975306 /* ProShowDayOneViewController.h */,
				42673F21188AB5DF00975306 /* ProShowDayOneViewController.m */,
			);
			name = ProShow;
			sourceTree = "<group>";
		};
		42673F2D188ABAB500975306 /* Events */ = {
			isa = PBXGroup;
			children = (
				42B29E8F188FF2F50017C44E /* EventDetailsViewController.h */,
				42B29E90188FF2F50017C44E /* EventDetailsViewController.m */,
				424C449E188824B500935345 /* EventsViewController.h */,
				424C449F188824B500935345 /* EventsViewController.m */,
				424C44BD1888335A00935345 /* EventsCDTVC.h */,
				424C44BE1888335A00935345 /* EventsCDTVC.m */,
				42B106B61894E6BD0080334F /* Details Views */,
			);
			name = Events;
			sourceTree = "<group>";
		};
		42673F38188ADF7A00975306 /* showImages */ = {
			isa = PBXGroup;
			children = (
				42B106BF189578A80080334F /* pearl.png */,
				42673F39188ADF9000975306 /* salim.png */,
				42673F3A188ADF9000975306 /* shaktishree.png */,
				42673F3B188ADF9000975306 /* sivamani.png */,
				42673F3C188ADF9000975306 /* pentagram.png */,
				42673F3D188ADF9000975306 /* haricharan.png */,
				42A84C3A1896ADE400B0F20B /* sreeram.png */,
				42673F3E188ADF9000975306 /* swetha.png */,
				42673F3F188ADF9000975306 /* devassy.png */,
				42673F40188ADF9000975306 /* vijay.png */,
			);
			name = showImages;
			sourceTree = "<group>";
		};
		42A68E9E188926DE00BD1A15 /* Views from main Menu */ = {
			isa = PBXGroup;
			children = (
				42673F1C188A754A00975306 /* PrivacyViewController.h */,
				42673F1D188A754A00975306 /* PrivacyViewController.m */,
				42C0D45C1889A08600814578 /* ContactViewController.h */,
				42C0D45D1889A08600814578 /* ContactViewController.m */,
				42440DCA1889450A00360F8F /* AboutUsViewController.h */,
				42440DCB1889450A00360F8F /* AboutUsViewController.m */,
				42AAA60B1893C57600453143 /* Sports */,
				42673F2D188ABAB500975306 /* Events */,
				42673F2C188ABAA600975306 /* ProShow */,
			);
			name = "Views from main Menu";
			sourceTree = "<group>";
		};
		42AAA60B1893C57600453143 /* Sports */ = {
			isa = PBXGroup;
			children = (
				42AAA6031893C53500453143 /* SportsEventsViewController.h */,
				42AAA6041893C53500453143 /* SportsEventsViewController.m */,
				42AAA6071893C56E00453143 /* RulesAndRegulationsViewController.h */,
				42AAA60C1893C61900453143 /* SportsListViewController.h */,
				42AAA60D1893C61900453143 /* SportsListViewController.m */,
				42AAA6081893C56E00453143 /* RulesAndRegulationsViewController.m */,
			);
			name = Sports;
			sourceTree = "<group>";
		};
		42B106B61894E6BD0080334F /* Details Views */ = {
			isa = PBXGroup;
			children = (
				42B106B71894E6E40080334F /* detailsView.h */,
				42B106B81894E6E40080334F /* detailsView.m */,
			);
			name = "Details Views";
			sourceTree = "<group>";
		};
		42C9F888188C2AC300246A24 /* Icons */ = {
			isa = PBXGroup;
			children = (
				42C9F89B188C34B100246A24 /* launch 4in.png */,
				42C9F89E188C358400246A24 /* launch 35.png */,
				42C9F895188C2AE300246A24 /* 120.png */,
				42C9F88B188C2AC300246A24 /* 80.png */,
				42C9F898188C2B2F00246A24 /* 58.png */,
				42C9F88C188C2AC300246A24 /* full.png */,
			);
			path = Icons;
			sourceTree = "<group>";
		};
		42E5C20A1886F179002E4EF7 = {
			isa = PBXGroup;
			children = (
				42E5C21C1886F179002E4EF7 /* Riviera */,
				42E5C23B1886F179002E4EF7 /* RivieraTests */,
				42E5C2151886F179002E4EF7 /* Frameworks */,
				42E5C2141886F179002E4EF7 /* Products */,
			);
			sourceTree = "<group>";
		};
		42E5C2141886F179002E4EF7 /* Products */ = {
			isa = PBXGroup;
			children = (
				42E5C2131886F179002E4EF7 /* Riviera.app */,
				42E5C2341886F179002E4EF7 /* RivieraTests.xctest */,
			);
			name = Products;
			sourceTree = "<group>";
		};
		42E5C2151886F179002E4EF7 /* Frameworks */ = {
			isa = PBXGroup;
			children = (
				4228B155188BB25500692EF3 /* MapKit.framework */,
				42BC1CE5188B9F40001C24ED /* SystemConfiguration.framework */,
				42BC1CE3188B9F2A001C24ED /* OpenGLES.framework */,
				42BC1CE1188B9F20001C24ED /* libz.dylib */,
				42BC1CDF188B9F17001C24ED /* libicucore.dylib */,
				42BC1CDD188B9F0A001C24ED /* libc++.dylib */,
				42BC1CDB188B9EF9001C24ED /* ImageIO.framework */,
				42BC1CD9188B9EF1001C24ED /* GLKit.framework */,
				42BC1CD7188B9EE6001C24ED /* CoreText.framework */,
				42BC1CD5188B9EDE001C24ED /* CoreLocation.framework */,
				42BC1CD3188B9ED0001C24ED /* CoreData.framework */,
				42BC1CD1188B9EC6001C24ED /* AVFoundation.framework */,
				42A233941888682F00D81961 /* QuartzCore.framework */,
				42E5C2161886F179002E4EF7 /* Foundation.framework */,
				42E5C2181886F179002E4EF7 /* CoreGraphics.framework */,
				42E5C21A1886F179002E4EF7 /* UIKit.framework */,
				42E5C2351886F179002E4EF7 /* XCTest.framework */,
			);
			name = Frameworks;
			sourceTree = "<group>";
		};
		42E5C21C1886F179002E4EF7 /* Riviera */ = {
			isa = PBXGroup;
			children = (
				42C0D458188965F300814578 /* SideBarViewController.h */,
				42C0D459188965F300814578 /* SideBarViewController.m */,
				42E5C2281886F179002E4EF7 /* Main.storyboard */,
				4228B171188BF6D800692EF3 /* HomeScreenViewController.h */,
				4228B172188BF6D800692EF3 /* HomeScreenViewController.m */,
				424C448C1888153600935345 /* Riviera.xcdatamodeld */,
				42C0D4501889645300814578 /* SWRevealViewController.h */,
				42C0D4511889645300814578 /* SWRevealViewController.m */,
				42C9F888188C2AC300246A24 /* Icons */,
				42A68E9E188926DE00BD1A15 /* Views from main Menu */,
				424C449D188820EB00935345 /* Parent Classes */,
				424C449018881A2D00935345 /* Core Data Files */,
				42E5C21D1886F179002E4EF7 /* Supporting Files */,
			);
			path = Riviera;
			sourceTree = "<group>";
		};
		42E5C21D1886F179002E4EF7 /* Supporting Files */ = {
			isa = PBXGroup;
			children = (
				4228B178188C0AC000692EF3 /* homePageScroll.png */,
				4228B16B188BF5E400692EF3 /* straightRiviera.png */,
				4228B175188C06D700692EF3 /* crowdBackground.png */,
				4228B16E188BF68100692EF3 /* crowd.png */,
				4228B157188BBE9400692EF3 /* ProSow Icons */,
				42673F38188ADF7A00975306 /* showImages */,
				42673F51188AE2B700975306 /* leftButton.png */,
				42673F52188AE2B700975306 /* rightButton.png */,
				42A2339D1889053D00D81961 /* UIImage+ImageEffects.m */,
				42A2339E1889053D00D81961 /* UIImage+ImageEffects.h */,
				42440DC4188942BC00360F8F /* about us.png */,
				42440DC7188944AD00360F8F /* isoLogo.png */,
				42A68E981889241100BD1A15 /* Menu@2x.png */,
				42C914A01886F90E0010A43F /* Riviera Logo.png */,
				42C914A61886FD600010A43F /* Header Final.png */,
				424C44B918882CB400935345 /* GlobalClass.h */,
				424C44BA18882CB400935345 /* GlobalClass.m */,
				42E5C2251886F179002E4EF7 /* RivieraAppDelegate.h */,
				42E5C2261886F179002E4EF7 /* RivieraAppDelegate.m */,
				42E5C22E1886F179002E4EF7 /* Images.xcassets */,
				424C44B018882C2C00935345 /* blog@2x.png */,
				424C44B118882C2C00935345 /* events@2x.png */,
				424C44B218882C2C00935345 /* proshows@2x.png */,
				42E5C21E1886F179002E4EF7 /* Riviera-Info.plist */,
				42E5C21F1886F179002E4EF7 /* InfoPlist.strings */,
				42E5C2221886F179002E4EF7 /* main.m */,
				42E5C2241886F179002E4EF7 /* Riviera-Prefix.pch */,
			);
			name = "Supporting Files";
			sourceTree = "<group>";
		};
		42E5C23B1886F179002E4EF7 /* RivieraTests */ = {
			isa = PBXGroup;
			children = (
				42E5C2411886F179002E4EF7 /* RivieraTests.m */,
				42E5C23C1886F179002E4EF7 /* Supporting Files */,
			);
			path = RivieraTests;
			sourceTree = "<group>";
		};
		42E5C23C1886F179002E4EF7 /* Supporting Files */ = {
			isa = PBXGroup;
			children = (
				42E5C23D1886F179002E4EF7 /* RivieraTests-Info.plist */,
				42E5C23E1886F179002E4EF7 /* InfoPlist.strings */,
			);
			name = "Supporting Files";
			sourceTree = "<group>";
		};
/* End PBXGroup section */

/* Begin PBXNativeTarget section */
		42E5C2121886F179002E4EF7 /* Riviera */ = {
			isa = PBXNativeTarget;
			buildConfigurationList = 42E5C2451886F179002E4EF7 /* Build configuration list for PBXNativeTarget "Riviera" */;
			buildPhases = (
				42E5C20F1886F179002E4EF7 /* Sources */,
				42E5C2101886F179002E4EF7 /* Frameworks */,
				42E5C2111886F179002E4EF7 /* Resources */,
				50524F424C454D533F /* ShellScript */,
			);
			buildRules = (
			);
			dependencies = (
			);
			name = Riviera;
			productName = Riviera;
			productReference = 42E5C2131886F179002E4EF7 /* Riviera.app */;
			productType = "com.apple.product-type.application";
		};
		42E5C2331886F179002E4EF7 /* RivieraTests */ = {
			isa = PBXNativeTarget;
			buildConfigurationList = 42E5C2481886F179002E4EF7 /* Build configuration list for PBXNativeTarget "RivieraTests" */;
			buildPhases = (
				42E5C2301886F179002E4EF7 /* Sources */,
				42E5C2311886F179002E4EF7 /* Frameworks */,
				42E5C2321886F179002E4EF7 /* Resources */,
			);
			buildRules = (
			);
			dependencies = (
				42E5C23A1886F179002E4EF7 /* PBXTargetDependency */,
			);
			name = RivieraTests;
			productName = RivieraTests;
			productReference = 42E5C2341886F179002E4EF7 /* RivieraTests.xctest */;
			productType = "com.apple.product-type.bundle.unit-test";
		};
/* End PBXNativeTarget section */

/* Begin PBXProject section */
		42E5C20B1886F179002E4EF7 /* Project object */ = {
			isa = PBXProject;
			attributes = {
				CLASSPREFIX = Riviera;
				LastUpgradeCheck = 0500;
				ORGANIZATIONNAME = "Pratham Mehta";
				TargetAttributes = {
					42E5C2331886F179002E4EF7 = {
						TestTargetID = 42E5C2121886F179002E4EF7;
					};
				};
			};
			buildConfigurationList = 42E5C20E1886F179002E4EF7 /* Build configuration list for PBXProject "Riviera" */;
			compatibilityVersion = "Xcode 3.2";
			developmentRegion = English;
			hasScannedForEncodings = 0;
			knownRegions = (
				en,
				Base,
			);
			mainGroup = 42E5C20A1886F179002E4EF7;
			productRefGroup = 42E5C2141886F179002E4EF7 /* Products */;
			projectDirPath = "";
			projectRoot = "";
			targets = (
				42E5C2121886F179002E4EF7 /* Riviera */,
				42E5C2331886F179002E4EF7 /* RivieraTests */,
			);
		};
/* End PBXProject section */

/* Begin PBXResourcesBuildPhase section */
		42E5C2111886F179002E4EF7 /* Resources */ = {
			isa = PBXResourcesBuildPhase;
			buildActionMask = 2147483647;
			files = (
				42C9F896188C2AE300246A24 /* 120.png in Resources */,
				4228B16F188BF68100692EF3 /* crowd.png in Resources */,
				42C9F893188C2AC300246A24 /* full.png in Resources */,
				424C44B318882C2C00935345 /* blog@2x.png in Resources */,
				42673F53188AE2B700975306 /* leftButton.png in Resources */,
				42673F4D188ADF9000975306 /* devassy.png in Resources */,
				42673F4F188ADF9000975306 /* vijay.png in Resources */,
				42673F41188ADF9000975306 /* salim.png in Resources */,
				4228B176188C06D700692EF3 /* crowdBackground.png in Resources */,
				4228B15B188BBEA400692EF3 /* proShowTwoIcon.png in Resources */,
				42C9F899188C2B2F00246A24 /* 58.png in Resources */,
				42C9F89F188C358400246A24 /* launch 35.png in Resources */,
				42440DC8188944AD00360F8F /* isoLogo.png in Resources */,
				4228B179188C0AC000692EF3 /* homePageScroll.png in Resources */,
				42673F45188ADF9000975306 /* sivamani.png in Resources */,
				42673F47188ADF9000975306 /* pentagram.png in Resources */,
				42E5C22F1886F179002E4EF7 /* Images.xcassets in Resources */,
				42673F4B188ADF9000975306 /* swetha.png in Resources */,
				4228B15D188BBEA400692EF3 /* proShowThreeIcon.png in Resources */,
				42A68E991889241100BD1A15 /* Menu@2x.png in Resources */,
				42673F55188AE2B700975306 /* rightButton.png in Resources */,
				42C9F89C188C34B100246A24 /* launch 4in.png in Resources */,
				42673F43188ADF9000975306 /* shaktishree.png in Resources */,
				42E5C2211886F179002E4EF7 /* InfoPlist.strings in Resources */,
				42440DC5188942BC00360F8F /* about us.png in Resources */,
				424C44B718882C2C00935345 /* proshows@2x.png in Resources */,
				42673F49188ADF9000975306 /* haricharan.png in Resources */,
				42A84C3B1896ADE400B0F20B /* sreeram.png in Resources */,
				42B106C0189578A80080334F /* pearl.png in Resources */,
				4228B15F188BBEA400692EF3 /* proShowOneIcon.png in Resources */,
				42C914A71886FD600010A43F /* Header Final.png in Resources */,
				42C914A11886F90E0010A43F /* Riviera Logo.png in Resources */,
				42E5C22A1886F179002E4EF7 /* Main.storyboard in Resources */,
				42C9F891188C2AC300246A24 /* 80.png in Resources */,
				42B106C318957BAB0080334F /* proShowFourIcon.png in Resources */,
				4228B16C188BF5E400692EF3 /* straightRiviera.png in Resources */,
				424C44B518882C2C00935345 /* events@2x.png in Resources */,
			);
			runOnlyForDeploymentPostprocessing = 0;
		};
		42E5C2321886F179002E4EF7 /* Resources */ = {
			isa = PBXResourcesBuildPhase;
			buildActionMask = 2147483647;
			files = (
				42C9F89A188C2B2F00246A24 /* 58.png in Resources */,
				42A84C3C1896ADE400B0F20B /* sreeram.png in Resources */,
				42A68E9A1889241100BD1A15 /* Menu@2x.png in Resources */,
				4228B15C188BBEA400692EF3 /* proShowTwoIcon.png in Resources */,
				4228B177188C06D700692EF3 /* crowdBackground.png in Resources */,
				42C9F894188C2AC300246A24 /* full.png in Resources */,
				42B106C418957BAB0080334F /* proShowFourIcon.png in Resources */,
				42C9F8A0188C358400246A24 /* launch 35.png in Resources */,
				4228B16D188BF5E400692EF3 /* straightRiviera.png in Resources */,
				42673F56188AE2B700975306 /* rightButton.png in Resources */,
				42673F4C188ADF9000975306 /* swetha.png in Resources */,
				42C914A21886F90E0010A43F /* Riviera Logo.png in Resources */,
				4228B160188BBEA400692EF3 /* proShowOneIcon.png in Resources */,
				42673F50188ADF9000975306 /* vijay.png in Resources */,
				42C914A81886FD600010A43F /* Header Final.png in Resources */,
				42440DC9188944AD00360F8F /* isoLogo.png in Resources */,
				42673F4A188ADF9000975306 /* haricharan.png in Resources */,
				42C9F89D188C34B100246A24 /* launch 4in.png in Resources */,
				424C44B818882C2C00935345 /* proshows@2x.png in Resources */,
				42440DC6188942BC00360F8F /* about us.png in Resources */,
				42E5C2401886F179002E4EF7 /* InfoPlist.strings in Resources */,
				4228B15E188BBEA400692EF3 /* proShowThreeIcon.png in Resources */,
				42673F44188ADF9000975306 /* shaktishree.png in Resources */,
				42B106C1189578A80080334F /* pearl.png in Resources */,
				42C9F897188C2AE300246A24 /* 120.png in Resources */,
				4228B170188BF68100692EF3 /* crowd.png in Resources */,
				424C44B418882C2C00935345 /* blog@2x.png in Resources */,
				42673F4E188ADF9000975306 /* devassy.png in Resources */,
				42673F48188ADF9000975306 /* pentagram.png in Resources */,
				42673F46188ADF9000975306 /* sivamani.png in Resources */,
				42673F42188ADF9000975306 /* salim.png in Resources */,
				4228B17A188C0AC000692EF3 /* homePageScroll.png in Resources */,
				42673F54188AE2B700975306 /* leftButton.png in Resources */,
				42C9F892188C2AC300246A24 /* 80.png in Resources */,
				424C44B618882C2C00935345 /* events@2x.png in Resources */,
			);
			runOnlyForDeploymentPostprocessing = 0;
		};
/* End PBXResourcesBuildPhase section */



/* Begin PBXSourcesBuildPhase section */
		42E5C20F1886F179002E4EF7 /* Sources */ = {
			isa = PBXSourcesBuildPhase;
			buildActionMask = 2147483647;
			files = (
				42B29E8D188FDE310017C44E /* Event.m in Sources */,
				4228B173188BF6D800692EF3 /* HomeScreenViewController.m in Sources */,
				42440DCC1889450A00360F8F /* AboutUsViewController.m in Sources */,
				424C448E1888153600935345 /* Riviera.xcdatamodeld in Sources */,
				42C0D45A188965F300814578 /* SideBarViewController.m in Sources */,
				42A2339F1889053D00D81961 /* UIImage+ImageEffects.m in Sources */,
				42673F1E188A754A00975306 /* PrivacyViewController.m in Sources */,
				424C449B188820E200935345 /* CoreDataTableViewController.m in Sources */,
				42AAA6091893C56E00453143 /* RulesAndRegulationsViewController.m in Sources */,
				42B106B91894E6E40080334F /* detailsView.m in Sources */,
				42AAA60E1893C61900453143 /* SportsListViewController.m in Sources */,
				42B29E91188FF2F50017C44E /* EventDetailsViewController.m in Sources */,
				42AAA6051893C53500453143 /* SportsEventsViewController.m in Sources */,
				424C44A0188824B500935345 /* EventsViewController.m in Sources */,
				424C449718881A6700935345 /* Event+Operations.m in Sources */,
				42673F36188AC6FE00975306 /* TransitionImageView.m in Sources */,
				42C0D4521889645300814578 /* SWRevealViewController.m in Sources */,
				424C44BB18882CB400935345 /* GlobalClass.m in Sources */,
				42E5C2231886F179002E4EF7 /* main.m in Sources */,
				42E5C2271886F179002E4EF7 /* RivieraAppDelegate.m in Sources */,
				424C44BF1888335A00935345 /* EventsCDTVC.m in Sources */,
				42C0D45E1889A08600814578 /* ContactViewController.m in Sources */,
				42673F22188AB5DF00975306 /* ProShowDayOneViewController.m in Sources */,
				42673F59188B01B800975306 /* ProShowDayTwoViewController.m in Sources */,
				4228B166188BD77C00692EF3 /* ProShowDayFourViewController.m in Sources */,
				42673F5D188B06EB00975306 /* ProShowDayThreeViewController.m in Sources */,
			);
			runOnlyForDeploymentPostprocessing = 0;
		};
		42E5C2301886F179002E4EF7 /* Sources */ = {
			isa = PBXSourcesBuildPhase;
			buildActionMask = 2147483647;
			files = (
				42673F1F188A754A00975306 /* PrivacyViewController.m in Sources */,
				42673F5E188B06EB00975306 /* ProShowDayThreeViewController.m in Sources */,
				42B106BA1894E6E40080334F /* detailsView.m in Sources */,
				42A233A01889053D00D81961 /* UIImage+ImageEffects.m in Sources */,
				42AAA60F1893C61900453143 /* SportsListViewController.m in Sources */,
				424C44A1188824B500935345 /* EventsViewController.m in Sources */,
				424C448F1888153600935345 /* Riviera.xcdatamodeld in Sources */,
				4228B174188BF6D800692EF3 /* HomeScreenViewController.m in Sources */,
				42B29E8E188FDE310017C44E /* Event.m in Sources */,
				42C0D45B188965F300814578 /* SideBarViewController.m in Sources */,
				424C449818881A6700935345 /* Event+Operations.m in Sources */,
				42B29E92188FF2F50017C44E /* EventDetailsViewController.m in Sources */,
				4228B167188BD77C00692EF3 /* ProShowDayFourViewController.m in Sources */,
				42E5C2421886F179002E4EF7 /* RivieraTests.m in Sources */,
				42C0D45F1889A08600814578 /* ContactViewController.m in Sources */,
				42673F37188AC6FE00975306 /* TransitionImageView.m in Sources */,
				42673F23188AB5DF00975306 /* ProShowDayOneViewController.m in Sources */,
				424C44C01888335A00935345 /* EventsCDTVC.m in Sources */,
				42AAA60A1893C56E00453143 /* RulesAndRegulationsViewController.m in Sources */,
				42AAA6061893C53500453143 /* SportsEventsViewController.m in Sources */,
				42440DCD1889450A00360F8F /* AboutUsViewController.m in Sources */,
				424C449C188820E200935345 /* CoreDataTableViewController.m in Sources */,
				424C44BC18882CB400935345 /* GlobalClass.m in Sources */,
				42C0D4531889645300814578 /* SWRevealViewController.m in Sources */,
				42673F5A188B01B800975306 /* ProShowDayTwoViewController.m in Sources */,
			);
			runOnlyForDeploymentPostprocessing = 0;
		};
/* End PBXSourcesBuildPhase section */

/* Begin PBXTargetDependency section */
		42E5C23A1886F179002E4EF7 /* PBXTargetDependency */ = {
			isa = PBXTargetDependency;
			target = 42E5C2121886F179002E4EF7 /* Riviera */;
			targetProxy = 42E5C2391886F179002E4EF7 /* PBXContainerItemProxy */;
		};
/* End PBXTargetDependency section */

/* Begin PBXVariantGroup section */
		42E5C21F1886F179002E4EF7 /* InfoPlist.strings */ = {
			isa = PBXVariantGroup;
			children = (
				42E5C2201886F179002E4EF7 /* en */,
			);
			name = InfoPlist.strings;
			sourceTree = "<group>";
		};
		42E5C2281886F179002E4EF7 /* Main.storyboard */ = {
			isa = PBXVariantGroup;
			children = (
				42E5C2291886F179002E4EF7 /* Base */,
			);
			name = Main.storyboard;
			sourceTree = "<group>";
		};
		42E5C23E1886F179002E4EF7 /* InfoPlist.strings */ = {
			isa = PBXVariantGroup;
			children = (
				42E5C23F1886F179002E4EF7 /* en */,
			);
			name = InfoPlist.strings;
			sourceTree = "<group>";
		};
/* End PBXVariantGroup section */

/* Begin XCBuildConfiguration section */
		42E5C2431886F179002E4EF7 /* Debug */ = {
			isa = XCBuildConfiguration;
			buildSettings = {
				ALWAYS_SEARCH_USER_PATHS = NO;
				ARCHS = "$(ARCHS_STANDARD_INCLUDING_64_BIT)";
				CLANG_CXX_LANGUAGE_STANDARD = "gnu++0x";
				CLANG_CXX_LIBRARY = "libc++";
				CLANG_ENABLE_MODULES = YES;
				CLANG_ENABLE_OBJC_ARC = YES;
				CLANG_WARN_BOOL_CONVERSION = YES;
				CLANG_WARN_CONSTANT_CONVERSION = YES;
				CLANG_WARN_DIRECT_OBJC_ISA_USAGE = YES_ERROR;
				CLANG_WARN_EMPTY_BODY = YES;
				CLANG_WARN_ENUM_CONVERSION = YES;
				CLANG_WARN_INT_CONVERSION = YES;
				CLANG_WARN_OBJC_ROOT_CLASS = YES_ERROR;
				CLANG_WARN__DUPLICATE_METHOD_MATCH = YES;
				"CODE_SIGN_IDENTITY[sdk=iphoneos*]" = "";
				COPY_PHASE_STRIP = NO;
				GCC_C_LANGUAGE_STANDARD = gnu99;
				GCC_DYNAMIC_NO_PIC = NO;
				GCC_OPTIMIZATION_LEVEL = 0;
				GCC_PREPROCESSOR_DEFINITIONS = (
					"DEBUG=1",
					"$(inherited)",
				);
				GCC_SYMBOLS_PRIVATE_EXTERN = NO;
				GCC_WARN_64_TO_32_BIT_CONVERSION = YES;
				GCC_WARN_ABOUT_RETURN_TYPE = YES_ERROR;
				GCC_WARN_UNDECLARED_SELECTOR = YES;
				GCC_WARN_UNINITIALIZED_AUTOS = YES;
				GCC_WARN_UNUSED_FUNCTION = YES;
				GCC_WARN_UNUSED_VARIABLE = YES;
				IPHONEOS_DEPLOYMENT_TARGET = 7.0;
				ONLY_ACTIVE_ARCH = YES;
				SDKROOT = iphoneos;
			};
			name = Debug;
		};
		42E5C2441886F179002E4EF7 /* Release */ = {
			isa = XCBuildConfiguration;
			buildSettings = {
				ALWAYS_SEARCH_USER_PATHS = NO;
				ARCHS = "$(ARCHS_STANDARD_INCLUDING_64_BIT)";
				CLANG_CXX_LANGUAGE_STANDARD = "gnu++0x";
				CLANG_CXX_LIBRARY = "libc++";
				CLANG_ENABLE_MODULES = YES;
				CLANG_ENABLE_OBJC_ARC = YES;
				CLANG_WARN_BOOL_CONVERSION = YES;
				CLANG_WARN_CONSTANT_CONVERSION = YES;
				CLANG_WARN_DIRECT_OBJC_ISA_USAGE = YES_ERROR;
				CLANG_WARN_EMPTY_BODY = YES;
				CLANG_WARN_ENUM_CONVERSION = YES;
				CLANG_WARN_INT_CONVERSION = YES;
				CLANG_WARN_OBJC_ROOT_CLASS = YES_ERROR;
				CLANG_WARN__DUPLICATE_METHOD_MATCH = YES;
				"CODE_SIGN_IDENTITY[sdk=iphoneos*]" = "";
				COPY_PHASE_STRIP = YES;
				ENABLE_NS_ASSERTIONS = NO;
				GCC_C_LANGUAGE_STANDARD = gnu99;
				GCC_WARN_64_TO_32_BIT_CONVERSION = YES;
				GCC_WARN_ABOUT_RETURN_TYPE = YES_ERROR;
				GCC_WARN_UNDECLARED_SELECTOR = YES;
				GCC_WARN_UNINITIALIZED_AUTOS = YES;
				GCC_WARN_UNUSED_FUNCTION = YES;
				GCC_WARN_UNUSED_VARIABLE = YES;
				IPHONEOS_DEPLOYMENT_TARGET = 7.0;
				SDKROOT = iphoneos;
				VALIDATE_PRODUCT = YES;
			};
			name = Release;
		};
		42E5C2461886F179002E4EF7 /* Debug */ = {
			isa = XCBuildConfiguration;
			buildSettings = {
				ASSETCATALOG_COMPILER_APPICON_NAME = "AppIcon-2";
				ASSETCATALOG_COMPILER_LAUNCHIMAGE_NAME = "LaunchImage-2";
				FRAMEWORK_SEARCH_PATHS = (
					"$(inherited)",
					/Users/prathamtheempowerer/Developer/Riviera,
				);
				GCC_PRECOMPILE_PREFIX_HEADER = YES;
				GCC_PREFIX_HEADER = "Riviera/Riviera-Prefix.pch";
				INFOPLIST_FILE = "Riviera/Riviera-Info.plist";
				"OTHER_LDFLAGS[arch=*]" = "";
				PRODUCT_NAME = "$(TARGET_NAME)";
				TARGETED_DEVICE_FAMILY = 1;
				WRAPPER_EXTENSION = app;
			};
			name = Debug;
		};
		42E5C2471886F179002E4EF7 /* Release */ = {
			isa = XCBuildConfiguration;
			buildSettings = {
				ASSETCATALOG_COMPILER_APPICON_NAME = "AppIcon-2";
				ASSETCATALOG_COMPILER_LAUNCHIMAGE_NAME = "LaunchImage-2";
				FRAMEWORK_SEARCH_PATHS = (
					"$(inherited)",
					/Users/prathamtheempowerer/Developer/Riviera,
				);
				GCC_PRECOMPILE_PREFIX_HEADER = YES;
				GCC_PREFIX_HEADER = "Riviera/Riviera-Prefix.pch";
				INFOPLIST_FILE = "Riviera/Riviera-Info.plist";
				"OTHER_LDFLAGS[arch=*]" = "-ObjC";
				PRODUCT_NAME = "$(TARGET_NAME)";
				TARGETED_DEVICE_FAMILY = 1;
				WRAPPER_EXTENSION = app;
			};
			name = Release;
		};
		42E5C2491886F179002E4EF7 /* Debug */ = {
			isa = XCBuildConfiguration;
			buildSettings = {
				ARCHS = "$(ARCHS_STANDARD_INCLUDING_64_BIT)";
				BUNDLE_LOADER = "$(BUILT_PRODUCTS_DIR)/Riviera.app/Riviera";
				FRAMEWORK_SEARCH_PATHS = (
					"$(SDKROOT)/Developer/Library/Frameworks",
					"$(inherited)",
					"$(DEVELOPER_FRAMEWORKS_DIR)",
					/Users/prathamtheempowerer/Developer/Riviera,
				);
				GCC_PRECOMPILE_PREFIX_HEADER = YES;
				GCC_PREFIX_HEADER = "Riviera/Riviera-Prefix.pch";
				GCC_PREPROCESSOR_DEFINITIONS = (
					"DEBUG=1",
					"$(inherited)",
				);
				INFOPLIST_FILE = "RivieraTests/RivieraTests-Info.plist";
				PRODUCT_NAME = "$(TARGET_NAME)";
				TEST_HOST = "$(BUNDLE_LOADER)";
				WRAPPER_EXTENSION = xctest;
			};
			name = Debug;
		};
		42E5C24A1886F179002E4EF7 /* Release */ = {
			isa = XCBuildConfiguration;
			buildSettings = {
				ARCHS = "$(ARCHS_STANDARD_INCLUDING_64_BIT)";
				BUNDLE_LOADER = "$(BUILT_PRODUCTS_DIR)/Riviera.app/Riviera";
				FRAMEWORK_SEARCH_PATHS = (
					"$(SDKROOT)/Developer/Library/Frameworks",
					"$(inherited)",
					"$(DEVELOPER_FRAMEWORKS_DIR)",
					/Users/prathamtheempowerer/Developer/Riviera,
				);
				GCC_PRECOMPILE_PREFIX_HEADER = YES;
				GCC_PREFIX_HEADER = "Riviera/Riviera-Prefix.pch";
				INFOPLIST_FILE = "RivieraTests/RivieraTests-Info.plist";
				PRODUCT_NAME = "$(TARGET_NAME)";
				TEST_HOST = "$(BUNDLE_LOADER)";
				WRAPPER_EXTENSION = xctest;
			};
			name = Release;
		};
/* End XCBuildConfiguration section */

/* Begin XCConfigurationList section */
		42E5C20E1886F179002E4EF7 /* Build configuration list for PBXProject "Riviera" */ = {
			isa = XCConfigurationList;
			buildConfigurations = (
				42E5C2431886F179002E4EF7 /* Debug */,
				42E5C2441886F179002E4EF7 /* Release */,
			);
			defaultConfigurationIsVisible = 0;
			defaultConfigurationName = Release;
		};
		42E5C2451886F179002E4EF7 /* Build configuration list for PBXNativeTarget "Riviera" */ = {
			isa = XCConfigurationList;
			buildConfigurations = (
				42E5C2461886F179002E4EF7 /* Debug */,
				42E5C2471886F179002E4EF7 /* Release */,
			);
			defaultConfigurationIsVisible = 0;
			defaultConfigurationName = Release;
		};
		42E5C2481886F179002E4EF7 /* Build configuration list for PBXNativeTarget "RivieraTests" */ = {
			isa = XCConfigurationList;
			buildConfigurations = (
				42E5C2491886F179002E4EF7 /* Debug */,
				42E5C24A1886F179002E4EF7 /* Release */,
			);
			defaultConfigurationIsVisible = 0;
			defaultConfigurationName = Release;
		};
/* End XCConfigurationList section */

/* Begin XCVersionGroup section */
		424C448C1888153600935345 /* Riviera.xcdatamodeld */ = {
			isa = XCVersionGroup;
			children = (
				424C448D1888153600935345 /* Riviera.xcdatamodel */,
			);
			currentVersion = 424C448D1888153600935345 /* Riviera.xcdatamodel */;
			path = Riviera.xcdatamodeld;
			sourceTree = "<group>";
			versionGroupType = wrapper.xcdatamodel;
		};
/* End XCVersionGroup section */
	};
	rootObject = 42E5C20B1886F179002E4EF7 /* Project object */;
}
